lockfileVersion: '6.0'

settings:
  autoInstallPeers: true
  excludeLinksFromLockfile: false

dependencies:
  three:
    specifier: ^0.167.1
    version: 0.167.1

packages:

  /three@0.167.1:
    resolution: {integrity: sha512-gYTLJA/UQip6J/tJvl91YYqlZF47+D/kxiWrbTon35ZHlXEN0VOo+Qke2walF1/x92v55H6enomymg4Dak52kw==}
    dev: false
